// !$*UTF8*$!
{
	archiveVersion = 1;
	classes = {
	};
	objectVersion = 56;
	objects = {

/* Begin PBXBuildFile section */
		160786D62B5512AE00E2B2CA /* 🛠️SettingMenu.swift in Sources */ = {isa = PBXBuildFile; fileRef = 160786D52B5512AE00E2B2CA /* 🛠️SettingMenu.swift */; };
		160786D82B5512EB00E2B2CA /* 🥽AppModel.swift in Sources */ = {isa = PBXBuildFile; fileRef = 160786D72B5512EB00E2B2CA /* 🥽AppModel.swift */; };
		160786DA2B55257F00E2B2CA /* 🕒ClockView.swift in Sources */ = {isa = PBXBuildFile; fileRef = 160786D92B55257F00E2B2CA /* 🕒ClockView.swift */; };
		160786DC2B5526BA00E2B2CA /* 🛠️SettingButton.swift in Sources */ = {isa = PBXBuildFile; fileRef = 160786DB2B5526BA00E2B2CA /* 🛠️SettingButton.swift */; };
		16267B462B578836000CA8AD /* Localizable.xcstrings in Resources */ = {isa = PBXBuildFile; fileRef = 16267B452B578836000CA8AD /* Localizable.xcstrings */; };
		16267B552B57D496000CA8AD /* InfoPlist.xcstrings in Resources */ = {isa = PBXBuildFile; fileRef = 16267B542B57D496000CA8AD /* InfoPlist.xcstrings */; };
		16359E292B931EE5004CC792 /* 🛠️RequestTab.swift in Sources */ = {isa = PBXBuildFile; fileRef = 16359E282B931EE4004CC792 /* 🛠️RequestTab.swift */; };
		164C77FB2B565D6C008FF872 /* 🛠️TipsTab.swift in Sources */ = {isa = PBXBuildFile; fileRef = 164C77FA2B565D6C008FF872 /* 🛠️TipsTab.swift */; };
		164C77FF2B565DFC008FF872 /* 🛠️ClockTab.swift in Sources */ = {isa = PBXBuildFile; fileRef = 164C77FE2B565DFC008FF872 /* 🛠️ClockTab.swift */; };
		164C78012B565E0A008FF872 /* 🛠️VisualTab.swift in Sources */ = {isa = PBXBuildFile; fileRef = 164C78002B565E0A008FF872 /* 🛠️VisualTab.swift */; };
		16891EA92B7AEE8300C6F0B3 /* 🔋BatteryView.swift in Sources */ = {isa = PBXBuildFile; fileRef = 16891EA82B7AEE8300C6F0B3 /* 🔋BatteryView.swift */; };
		16891EB32B7AF43600C6F0B3 /* 🛠️RestTab.swift in Sources */ = {isa = PBXBuildFile; fileRef = 16891EB22B7AF43600C6F0B3 /* 🛠️RestTab.swift */; };
		16891EB62B7B081200C6F0B3 /* ℹ️AboutApp.swift in Sources */ = {isa = PBXBuildFile; fileRef = 16891EB42B7B081100C6F0B3 /* ℹ️AboutApp.swift */; };
		16891EB72B7B081200C6F0B3 /* 🗒️StaticInfo.swift in Sources */ = {isa = PBXBuildFile; fileRef = 16891EB52B7B081200C6F0B3 /* 🗒️StaticInfo.swift */; };
		16891EB92B7B091900C6F0B3 /* Developer_Publisher.xcassets in Resources */ = {isa = PBXBuildFile; fileRef = 16891EB82B7B091900C6F0B3 /* Developer_Publisher.xcassets */; };
		16891EBD2B7B09B600C6F0B3 /* 🌐AboutApp.xcstrings in Resources */ = {isa = PBXBuildFile; fileRef = 16891EBB2B7B09B500C6F0B3 /* 🌐AboutApp.xcstrings */; };
		16891EBE2B7B09B600C6F0B3 /* 🌐Timeline.xcstrings in Resources */ = {isa = PBXBuildFile; fileRef = 16891EBC2B7B09B500C6F0B3 /* 🌐Timeline.xcstrings */; };
		16891EC22B7B0A2600C6F0B3 /* 🌐AppStoreDescription.xcstrings in Resources */ = {isa = PBXBuildFile; fileRef = 16891EC02B7B0A2600C6F0B3 /* 🌐AppStoreDescription.xcstrings */; };
		16891EC32B7B0A2600C6F0B3 /* 🌐VersionHistory.xcstrings in Resources */ = {isa = PBXBuildFile; fileRef = 16891EC12B7B0A2600C6F0B3 /* 🌐VersionHistory.xcstrings */; };
		16891EC52B7B0A8300C6F0B3 /* 🛠️AboutTab.swift in Sources */ = {isa = PBXBuildFile; fileRef = 16891EC42B7B0A8300C6F0B3 /* 🛠️AboutTab.swift */; };
		16891EC72B7B0E4000C6F0B3 /* App.swift in CopyFiles */ = {isa = PBXBuildFile; fileRef = 16C4CE402B550680002260A6 /* App.swift */; };
		16891EC82B7B0E4000C6F0B3 /* ContentView.swift in CopyFiles */ = {isa = PBXBuildFile; fileRef = 16C4CE422B550680002260A6 /* ContentView.swift */; };
		16891EC92B7B0E4000C6F0B3 /* 🥽AppModel.swift in CopyFiles */ = {isa = PBXBuildFile; fileRef = 160786D72B5512EB00E2B2CA /* 🥽AppModel.swift */; };
		16891ECA2B7B0E4000C6F0B3 /* 🕒ClockView.swift in CopyFiles */ = {isa = PBXBuildFile; fileRef = 160786D92B55257F00E2B2CA /* 🕒ClockView.swift */; };
		16891ECB2B7B0E4000C6F0B3 /* 🛠️SettingButton.swift in CopyFiles */ = {isa = PBXBuildFile; fileRef = 160786DB2B5526BA00E2B2CA /* 🛠️SettingButton.swift */; };
		16891ECC2B7B0E4000C6F0B3 /* 🛠️SettingMenu.swift in CopyFiles */ = {isa = PBXBuildFile; fileRef = 160786D52B5512AE00E2B2CA /* 🛠️SettingMenu.swift */; };
		16891ECD2B7B0E4000C6F0B3 /* 🛠️ClockTab.swift in CopyFiles */ = {isa = PBXBuildFile; fileRef = 164C77FE2B565DFC008FF872 /* 🛠️ClockTab.swift */; };
		16891ECE2B7B0E4000C6F0B3 /* 🛠️VisualTab.swift in CopyFiles */ = {isa = PBXBuildFile; fileRef = 164C78002B565E0A008FF872 /* 🛠️VisualTab.swift */; };
		16891ECF2B7B0E4000C6F0B3 /* 🛠️RestTab.swift in CopyFiles */ = {isa = PBXBuildFile; fileRef = 16891EB22B7AF43600C6F0B3 /* 🛠️RestTab.swift */; };
		16891ED02B7B0E4000C6F0B3 /* 🛠️TipsTab.swift in CopyFiles */ = {isa = PBXBuildFile; fileRef = 164C77FA2B565D6C008FF872 /* 🛠️TipsTab.swift */; };
		16891ED12B7B0E4000C6F0B3 /* 🛠️AboutTab.swift in CopyFiles */ = {isa = PBXBuildFile; fileRef = 16891EC42B7B0A8300C6F0B3 /* 🛠️AboutTab.swift */; };
		16891ED22B7B0E4000C6F0B3 /* 💾Option.swift in CopyFiles */ = {isa = PBXBuildFile; fileRef = 16F8286F2B560FBB00A29476 /* 💾Option.swift */; };
		16891ED32B7B0E4000C6F0B3 /* 💾Key.swift in CopyFiles */ = {isa = PBXBuildFile; fileRef = 16F8286D2B560D8700A29476 /* 💾Key.swift */; };
		16891ED42B7B0E4000C6F0B3 /* 🔋BatteryView.swift in CopyFiles */ = {isa = PBXBuildFile; fileRef = 16891EA82B7AEE8300C6F0B3 /* 🔋BatteryView.swift */; };
		16891ED52B7B0E4000C6F0B3 /* 🗒️StaticInfo.swift in CopyFiles */ = {isa = PBXBuildFile; fileRef = 16891EB52B7B081200C6F0B3 /* 🗒️StaticInfo.swift */; };
		16891ED62B7B0E4000C6F0B3 /* ℹ️AboutApp.swift in CopyFiles */ = {isa = PBXBuildFile; fileRef = 16891EB42B7B081100C6F0B3 /* ℹ️AboutApp.swift */; };
		16C4CE412B550680002260A6 /* App.swift in Sources */ = {isa = PBXBuildFile; fileRef = 16C4CE402B550680002260A6 /* App.swift */; };
		16C4CE432B550680002260A6 /* ContentView.swift in Sources */ = {isa = PBXBuildFile; fileRef = 16C4CE422B550680002260A6 /* ContentView.swift */; };
		16C4CE452B550684002260A6 /* Assets.xcassets in Resources */ = {isa = PBXBuildFile; fileRef = 16C4CE442B550684002260A6 /* Assets.xcassets */; };
		16F8286E2B560D8700A29476 /* 💾Key.swift in Sources */ = {isa = PBXBuildFile; fileRef = 16F8286D2B560D8700A29476 /* 💾Key.swift */; };
		16F828702B560FBB00A29476 /* 💾Option.swift in Sources */ = {isa = PBXBuildFile; fileRef = 16F8286F2B560FBB00A29476 /* 💾Option.swift */; };
		1D98A0DF2D27A21300E5913A /* PrivacyInfo.xcprivacy in Resources */ = {isa = PBXBuildFile; fileRef = 1D98A0DE2D27A21300E5913A /* PrivacyInfo.xcprivacy */; };
		1DA1976E2D25487D004F2885 /* 🔤DateTimeText.swift in Sources */ = {isa = PBXBuildFile; fileRef = 1DA1976D2D25484A004F2885 /* 🔤DateTimeText.swift */; };
/* End PBXBuildFile section */

/* Begin PBXCopyFilesBuildPhase section */
		16891EC62B7B0E3500C6F0B3 /* CopyFiles */ = {
			isa = PBXCopyFilesBuildPhase;
			buildActionMask = 2147483647;
			dstPath = "📁SourceCode";
			dstSubfolderSpec = 7;
			files = (
				16891EC72B7B0E4000C6F0B3 /* App.swift in CopyFiles */,
				16891EC82B7B0E4000C6F0B3 /* ContentView.swift in CopyFiles */,
				16891EC92B7B0E4000C6F0B3 /* 🥽AppModel.swift in CopyFiles */,
				16891ECA2B7B0E4000C6F0B3 /* 🕒ClockView.swift in CopyFiles */,
				16891ECB2B7B0E4000C6F0B3 /* 🛠️SettingButton.swift in CopyFiles */,
				16891ECC2B7B0E4000C6F0B3 /* 🛠️SettingMenu.swift in CopyFiles */,
				16891ECD2B7B0E4000C6F0B3 /* 🛠️ClockTab.swift in CopyFiles */,
				16891ECE2B7B0E4000C6F0B3 /* 🛠️VisualTab.swift in CopyFiles */,
				16891ECF2B7B0E4000C6F0B3 /* 🛠️RestTab.swift in CopyFiles */,
				16891ED02B7B0E4000C6F0B3 /* 🛠️TipsTab.swift in CopyFiles */,
				16891ED12B7B0E4000C6F0B3 /* 🛠️AboutTab.swift in CopyFiles */,
				16891ED22B7B0E4000C6F0B3 /* 💾Option.swift in CopyFiles */,
				16891ED32B7B0E4000C6F0B3 /* 💾Key.swift in CopyFiles */,
				16891ED42B7B0E4000C6F0B3 /* 🔋BatteryView.swift in CopyFiles */,
				16891ED52B7B0E4000C6F0B3 /* 🗒️StaticInfo.swift in CopyFiles */,
				16891ED62B7B0E4000C6F0B3 /* ℹ️AboutApp.swift in CopyFiles */,
			);
			runOnlyForDeploymentPostprocessing = 0;
		};
/* End PBXCopyFilesBuildPhase section */

/* Begin PBXFileReference section */
		160786D52B5512AE00E2B2CA /* 🛠️SettingMenu.swift */ = {isa = PBXFileReference; lastKnownFileType = sourcecode.swift; path = "🛠️SettingMenu.swift"; sourceTree = "<group>"; };
		160786D72B5512EB00E2B2CA /* 🥽AppModel.swift */ = {isa = PBXFileReference; lastKnownFileType = sourcecode.swift; path = "🥽AppModel.swift"; sourceTree = "<group>"; };
		160786D92B55257F00E2B2CA /* 🕒ClockView.swift */ = {isa = PBXFileReference; lastKnownFileType = sourcecode.swift; path = "🕒ClockView.swift"; sourceTree = "<group>"; };
		160786DB2B5526BA00E2B2CA /* 🛠️SettingButton.swift */ = {isa = PBXFileReference; lastKnownFileType = sourcecode.swift; path = "🛠️SettingButton.swift"; sourceTree = "<group>"; };
		160F46BD2B5A6309001FE696 /* icon.png */ = {isa = PBXFileReference; lastKnownFileType = image.png; path = icon.png; sourceTree = "<group>"; };
		16267B452B578836000CA8AD /* Localizable.xcstrings */ = {isa = PBXFileReference; lastKnownFileType = text.json.xcstrings; path = Localizable.xcstrings; sourceTree = "<group>"; };
		16267B482B5788AB000CA8AD /* README.md */ = {isa = PBXFileReference; lastKnownFileType = net.daringfireball.markdown; path = README.md; sourceTree = "<group>"; };
		16267B4A2B5791FB000CA8AD /* appstore_badge.svg */ = {isa = PBXFileReference; lastKnownFileType = text; path = appstore_badge.svg; sourceTree = "<group>"; };
		16267B542B57D496000CA8AD /* InfoPlist.xcstrings */ = {isa = PBXFileReference; lastKnownFileType = text.json.xcstrings; path = InfoPlist.xcstrings; sourceTree = "<group>"; };
		16359E282B931EE4004CC792 /* 🛠️RequestTab.swift */ = {isa = PBXFileReference; lastKnownFileType = sourcecode.swift; path = "🛠️RequestTab.swift"; sourceTree = "<group>"; };
		164C77FA2B565D6C008FF872 /* 🛠️TipsTab.swift */ = {isa = PBXFileReference; lastKnownFileType = sourcecode.swift; path = "🛠️TipsTab.swift"; sourceTree = "<group>"; };
		164C77FE2B565DFC008FF872 /* 🛠️ClockTab.swift */ = {isa = PBXFileReference; lastKnownFileType = sourcecode.swift; path = "🛠️ClockTab.swift"; sourceTree = "<group>"; };
		164C78002B565E0A008FF872 /* 🛠️VisualTab.swift */ = {isa = PBXFileReference; lastKnownFileType = sourcecode.swift; path = "🛠️VisualTab.swift"; sourceTree = "<group>"; };
		1669BEB32B6BACDD00D0FEEB /* 2.jpeg */ = {isa = PBXFileReference; lastKnownFileType = image.jpeg; path = 2.jpeg; sourceTree = "<group>"; };
		1669BEB42B6BACDE00D0FEEB /* 1.jpeg */ = {isa = PBXFileReference; lastKnownFileType = image.jpeg; path = 1.jpeg; sourceTree = "<group>"; };
		1669BEB52B6BACE000D0FEEB /* 4.jpeg */ = {isa = PBXFileReference; lastKnownFileType = image.jpeg; path = 4.jpeg; sourceTree = "<group>"; };
		1669BEB62B6BACE100D0FEEB /* 3.jpeg */ = {isa = PBXFileReference; lastKnownFileType = image.jpeg; path = 3.jpeg; sourceTree = "<group>"; };
		16891EA82B7AEE8300C6F0B3 /* 🔋BatteryView.swift */ = {isa = PBXFileReference; lastKnownFileType = sourcecode.swift; path = "🔋BatteryView.swift"; sourceTree = "<group>"; };
		16891EB22B7AF43600C6F0B3 /* 🛠️RestTab.swift */ = {isa = PBXFileReference; lastKnownFileType = sourcecode.swift; path = "🛠️RestTab.swift"; sourceTree = "<group>"; };
		16891EB42B7B081100C6F0B3 /* ℹ️AboutApp.swift */ = {isa = PBXFileReference; fileEncoding = 4; lastKnownFileType = sourcecode.swift; path = "ℹ️AboutApp.swift"; sourceTree = "<group>"; };
		16891EB52B7B081200C6F0B3 /* 🗒️StaticInfo.swift */ = {isa = PBXFileReference; fileEncoding = 4; lastKnownFileType = sourcecode.swift; path = "🗒️StaticInfo.swift"; sourceTree = "<group>"; };
		16891EB82B7B091900C6F0B3 /* Developer_Publisher.xcassets */ = {isa = PBXFileReference; lastKnownFileType = folder.assetcatalog; path = Developer_Publisher.xcassets; sourceTree = "<group>"; };
		16891EBB2B7B09B500C6F0B3 /* 🌐AboutApp.xcstrings */ = {isa = PBXFileReference; fileEncoding = 4; lastKnownFileType = text.json.xcstrings; path = "🌐AboutApp.xcstrings"; sourceTree = "<group>"; };
		16891EBC2B7B09B500C6F0B3 /* 🌐Timeline.xcstrings */ = {isa = PBXFileReference; fileEncoding = 4; lastKnownFileType = text.json.xcstrings; path = "🌐Timeline.xcstrings"; sourceTree = "<group>"; };
		16891EC02B7B0A2600C6F0B3 /* 🌐AppStoreDescription.xcstrings */ = {isa = PBXFileReference; fileEncoding = 4; lastKnownFileType = text.json.xcstrings; path = "🌐AppStoreDescription.xcstrings"; sourceTree = "<group>"; };
		16891EC12B7B0A2600C6F0B3 /* 🌐VersionHistory.xcstrings */ = {isa = PBXFileReference; fileEncoding = 4; lastKnownFileType = text.json.xcstrings; path = "🌐VersionHistory.xcstrings"; sourceTree = "<group>"; };
		16891EC42B7B0A8300C6F0B3 /* 🛠️AboutTab.swift */ = {isa = PBXFileReference; lastKnownFileType = sourcecode.swift; path = "🛠️AboutTab.swift"; sourceTree = "<group>"; };
		16C4CE392B550680002260A6 /* SpatialClock.app */ = {isa = PBXFileReference; explicitFileType = wrapper.application; includeInIndex = 0; path = SpatialClock.app; sourceTree = BUILT_PRODUCTS_DIR; };
		16C4CE402B550680002260A6 /* App.swift */ = {isa = PBXFileReference; lastKnownFileType = sourcecode.swift; path = App.swift; sourceTree = "<group>"; };
		16C4CE422B550680002260A6 /* ContentView.swift */ = {isa = PBXFileReference; lastKnownFileType = sourcecode.swift; path = ContentView.swift; sourceTree = "<group>"; };
		16C4CE442B550684002260A6 /* Assets.xcassets */ = {isa = PBXFileReference; lastKnownFileType = folder.assetcatalog; path = Assets.xcassets; sourceTree = "<group>"; };
		16C4CE492B550684002260A6 /* Info.plist */ = {isa = PBXFileReference; lastKnownFileType = text.plist.xml; path = Info.plist; sourceTree = "<group>"; };
		16D833112B7C473300409943 /* 5.jpeg */ = {isa = PBXFileReference; lastKnownFileType = image.jpeg; path = 5.jpeg; sourceTree = "<group>"; };
		16F8286D2B560D8700A29476 /* 💾Key.swift */ = {isa = PBXFileReference; lastKnownFileType = sourcecode.swift; path = "💾Key.swift"; sourceTree = "<group>"; };
		16F8286F2B560FBB00A29476 /* 💾Option.swift */ = {isa = PBXFileReference; lastKnownFileType = sourcecode.swift; path = "💾Option.swift"; sourceTree = "<group>"; };
		1D98A0DE2D27A21300E5913A /* PrivacyInfo.xcprivacy */ = {isa = PBXFileReference; lastKnownFileType = text.xml; path = PrivacyInfo.xcprivacy; sourceTree = "<group>"; };
		1DA1976D2D25484A004F2885 /* 🔤DateTimeText.swift */ = {isa = PBXFileReference; lastKnownFileType = sourcecode.swift; path = "🔤DateTimeText.swift"; sourceTree = "<group>"; };
/* End PBXFileReference section */

/* Begin PBXFrameworksBuildPhase section */
		16C4CE362B550680002260A6 /* Frameworks */ = {
			isa = PBXFrameworksBuildPhase;
			buildActionMask = 2147483647;
			files = (
			);
			runOnlyForDeploymentPostprocessing = 0;
		};
/* End PBXFrameworksBuildPhase section */

/* Begin PBXGroup section */
		16267B472B57887C000CA8AD /* Supporting files */ = {
			isa = PBXGroup;
			children = (
				16C4CE492B550684002260A6 /* Info.plist */,
				1D98A0DE2D27A21300E5913A /* PrivacyInfo.xcprivacy */,
				16891EBF2B7B0A0500C6F0B3 /* Assets */,
				16891EBA2B7B09A500C6F0B3 /* 🌐Localization */,
				16267B492B578919000CA8AD /* README assets */,
			);
			path = "Supporting files";
			sourceTree = "<group>";
		};
		16267B492B578919000CA8AD /* README assets */ = {
			isa = PBXGroup;
			children = (
				160F46BD2B5A6309001FE696 /* icon.png */,
				16267B4A2B5791FB000CA8AD /* appstore_badge.svg */,
				1669BEB42B6BACDE00D0FEEB /* 1.jpeg */,
				1669BEB32B6BACDD00D0FEEB /* 2.jpeg */,
				1669BEB62B6BACE100D0FEEB /* 3.jpeg */,
				1669BEB52B6BACE000D0FEEB /* 4.jpeg */,
				16D833112B7C473300409943 /* 5.jpeg */,
			);
			path = "README assets";
			sourceTree = "<group>";
		};
		16359E222B91CF0D004CC792 /* 🛠️Tabs */ = {
			isa = PBXGroup;
			children = (
				164C77FE2B565DFC008FF872 /* 🛠️ClockTab.swift */,
				164C78002B565E0A008FF872 /* 🛠️VisualTab.swift */,
				16891EB22B7AF43600C6F0B3 /* 🛠️RestTab.swift */,
				164C77FA2B565D6C008FF872 /* 🛠️TipsTab.swift */,
				16891EC42B7B0A8300C6F0B3 /* 🛠️AboutTab.swift */,
				16359E282B931EE4004CC792 /* 🛠️RequestTab.swift */,
			);
			path = "🛠️Tabs";
			sourceTree = "<group>";
		};
		164C77FC2B565DAA008FF872 /* 🛠️SettingView */ = {
			isa = PBXGroup;
			children = (
				160786DB2B5526BA00E2B2CA /* 🛠️SettingButton.swift */,
				160786D52B5512AE00E2B2CA /* 🛠️SettingMenu.swift */,
				16359E222B91CF0D004CC792 /* 🛠️Tabs */,
			);
			path = "🛠️SettingView";
			sourceTree = "<group>";
		};
		164C77FD2B565DD2008FF872 /* 💾Option */ = {
			isa = PBXGroup;
			children = (
				16F8286F2B560FBB00A29476 /* 💾Option.swift */,
				16F8286D2B560D8700A29476 /* 💾Key.swift */,
			);
			path = "💾Option";
			sourceTree = "<group>";
		};
		16891EA72B7AEE7000C6F0B3 /* Rest */ = {
			isa = PBXGroup;
			children = (
				16891EB52B7B081200C6F0B3 /* 🗒️StaticInfo.swift */,
				16891EB42B7B081100C6F0B3 /* ℹ️AboutApp.swift */,
			);
			path = Rest;
			sourceTree = "<group>";
		};
		16891EBA2B7B09A500C6F0B3 /* 🌐Localization */ = {
			isa = PBXGroup;
			children = (
				16267B452B578836000CA8AD /* Localizable.xcstrings */,
				16267B542B57D496000CA8AD /* InfoPlist.xcstrings */,
				16891EC02B7B0A2600C6F0B3 /* 🌐AppStoreDescription.xcstrings */,
				16891EC12B7B0A2600C6F0B3 /* 🌐VersionHistory.xcstrings */,
				16891EBB2B7B09B500C6F0B3 /* 🌐AboutApp.xcstrings */,
				16891EBC2B7B09B500C6F0B3 /* 🌐Timeline.xcstrings */,
			);
			path = "🌐Localization";
			sourceTree = "<group>";
		};
		16891EBF2B7B0A0500C6F0B3 /* Assets */ = {
			isa = PBXGroup;
			children = (
				16C4CE442B550684002260A6 /* Assets.xcassets */,
				16891EB82B7B091900C6F0B3 /* Developer_Publisher.xcassets */,
			);
			path = Assets;
			sourceTree = "<group>";
		};
		16C4CE302B550680002260A6 = {
			isa = PBXGroup;
			children = (
				16267B482B5788AB000CA8AD /* README.md */,
				16C4CE3B2B550680002260A6 /* SpatialClock */,
				16C4CE3A2B550680002260A6 /* Products */,
			);
			sourceTree = "<group>";
		};
		16C4CE3A2B550680002260A6 /* Products */ = {
			isa = PBXGroup;
			children = (
				16C4CE392B550680002260A6 /* SpatialClock.app */,
			);
			name = Products;
			sourceTree = "<group>";
		};
		16C4CE3B2B550680002260A6 /* SpatialClock */ = {
			isa = PBXGroup;
			children = (
				16C4CE402B550680002260A6 /* App.swift */,
				16C4CE422B550680002260A6 /* ContentView.swift */,
				160786D72B5512EB00E2B2CA /* 🥽AppModel.swift */,
				1DA1976C2D25482C004F2885 /* 🕒ClockView */,
				164C77FC2B565DAA008FF872 /* 🛠️SettingView */,
				164C77FD2B565DD2008FF872 /* 💾Option */,
				16891EA72B7AEE7000C6F0B3 /* Rest */,
				16267B472B57887C000CA8AD /* Supporting files */,
			);
			path = SpatialClock;
			sourceTree = "<group>";
		};
		1D98A0DD2D264A7400E5913A /* SubView */ = {
			isa = PBXGroup;
			children = (
				1DA1976D2D25484A004F2885 /* 🔤DateTimeText.swift */,
				16891EA82B7AEE8300C6F0B3 /* 🔋BatteryView.swift */,
			);
			path = SubView;
			sourceTree = "<group>";
		};
		1DA1976C2D25482C004F2885 /* 🕒ClockView */ = {
			isa = PBXGroup;
			children = (
				160786D92B55257F00E2B2CA /* 🕒ClockView.swift */,
				1D98A0DD2D264A7400E5913A /* SubView */,
			);
			path = "🕒ClockView";
			sourceTree = "<group>";
		};
/* End PBXGroup section */

/* Begin PBXNativeTarget section */
		16C4CE382B550680002260A6 /* SpatialClock */ = {
			isa = PBXNativeTarget;
			buildConfigurationList = 16C4CE4C2B550684002260A6 /* Build configuration list for PBXNativeTarget "SpatialClock" */;
			buildPhases = (
				16C4CE352B550680002260A6 /* Sources */,
				16C4CE362B550680002260A6 /* Frameworks */,
				16C4CE372B550680002260A6 /* Resources */,
				16891EC62B7B0E3500C6F0B3 /* CopyFiles */,
			);
			buildRules = (
			);
			dependencies = (
			);
			name = SpatialClock;
			packageProductDependencies = (
			);
			productName = SpatialClock;
			productReference = 16C4CE392B550680002260A6 /* SpatialClock.app */;
			productType = "com.apple.product-type.application";
		};
/* End PBXNativeTarget section */

/* Begin PBXProject section */
		16C4CE312B550680002260A6 /* Project object */ = {
			isa = PBXProject;
			attributes = {
				BuildIndependentTargetsInParallel = 1;
				LastSwiftUpdateCheck = 1520;
				LastUpgradeCheck = 1540;
				TargetAttributes = {
					16C4CE382B550680002260A6 = {
						CreatedOnToolsVersion = 15.2;
					};
				};
			};
			buildConfigurationList = 16C4CE342B550680002260A6 /* Build configuration list for PBXProject "SpatialClock" */;
			compatibilityVersion = "Xcode 14.0";
			developmentRegion = en;
			hasScannedForEncodings = 0;
			knownRegions = (
				en,
				Base,
				ja,
				"zh-Hans",
				"zh-Hant",
				fr,
				de,
				ru,
				ko,
				uk,
				es,
				id,
				"pt-BR",
				"pt-PT",
				"es-419",
			);
			mainGroup = 16C4CE302B550680002260A6;
			productRefGroup = 16C4CE3A2B550680002260A6 /* Products */;
			projectDirPath = "";
			projectRoot = "";
			targets = (
				16C4CE382B550680002260A6 /* SpatialClock */,
			);
		};
/* End PBXProject section */

/* Begin PBXResourcesBuildPhase section */
		16C4CE372B550680002260A6 /* Resources */ = {
			isa = PBXResourcesBuildPhase;
			buildActionMask = 2147483647;
			files = (
				16891EBE2B7B09B600C6F0B3 /* 🌐Timeline.xcstrings in Resources */,
				16891EC32B7B0A2600C6F0B3 /* 🌐VersionHistory.xcstrings in Resources */,
				16891EBD2B7B09B600C6F0B3 /* 🌐AboutApp.xcstrings in Resources */,
				1D98A0DF2D27A21300E5913A /* PrivacyInfo.xcprivacy in Resources */,
				16267B552B57D496000CA8AD /* InfoPlist.xcstrings in Resources */,
				16267B462B578836000CA8AD /* Localizable.xcstrings in Resources */,
				16891EC22B7B0A2600C6F0B3 /* 🌐AppStoreDescription.xcstrings in Resources */,
				16C4CE452B550684002260A6 /* Assets.xcassets in Resources */,
				16891EB92B7B091900C6F0B3 /* Developer_Publisher.xcassets in Resources */,
			);
			runOnlyForDeploymentPostprocessing = 0;
		};
/* End PBXResourcesBuildPhase section */

/* Begin PBXSourcesBuildPhase section */
		16C4CE352B550680002260A6 /* Sources */ = {
			isa = PBXSourcesBuildPhase;
			buildActionMask = 2147483647;
			files = (
				16891EB72B7B081200C6F0B3 /* 🗒️StaticInfo.swift in Sources */,
				160786D62B5512AE00E2B2CA /* 🛠️SettingMenu.swift in Sources */,
				164C77FB2B565D6C008FF872 /* 🛠️TipsTab.swift in Sources */,
				1DA1976E2D25487D004F2885 /* 🔤DateTimeText.swift in Sources */,
				16C4CE432B550680002260A6 /* ContentView.swift in Sources */,
				160786DA2B55257F00E2B2CA /* 🕒ClockView.swift in Sources */,
				16891EB32B7AF43600C6F0B3 /* 🛠️RestTab.swift in Sources */,
				164C78012B565E0A008FF872 /* 🛠️VisualTab.swift in Sources */,
				16C4CE412B550680002260A6 /* App.swift in Sources */,
				16891EC52B7B0A8300C6F0B3 /* 🛠️AboutTab.swift in Sources */,
				16891EB62B7B081200C6F0B3 /* ℹ️AboutApp.swift in Sources */,
				16891EA92B7AEE8300C6F0B3 /* 🔋BatteryView.swift in Sources */,
				160786D82B5512EB00E2B2CA /* 🥽AppModel.swift in Sources */,
				16F828702B560FBB00A29476 /* 💾Option.swift in Sources */,
				160786DC2B5526BA00E2B2CA /* 🛠️SettingButton.swift in Sources */,
				16359E292B931EE5004CC792 /* 🛠️RequestTab.swift in Sources */,
				16F8286E2B560D8700A29476 /* 💾Key.swift in Sources */,
				164C77FF2B565DFC008FF872 /* 🛠️ClockTab.swift in Sources */,
			);
			runOnlyForDeploymentPostprocessing = 0;
		};
/* End PBXSourcesBuildPhase section */

/* Begin XCBuildConfiguration section */
		16C4CE4A2B550684002260A6 /* Debug */ = {
			isa = XCBuildConfiguration;
			buildSettings = {
				ALWAYS_SEARCH_USER_PATHS = NO;
				ASSETCATALOG_COMPILER_GENERATE_SWIFT_ASSET_SYMBOL_EXTENSIONS = YES;
				CLANG_ANALYZER_LOCALIZABILITY_NONLOCALIZED = YES;
				CLANG_ANALYZER_NONNULL = YES;
				CLANG_ANALYZER_NUMBER_OBJECT_CONVERSION = YES_AGGRESSIVE;
				CLANG_CXX_LANGUAGE_STANDARD = "gnu++20";
				CLANG_ENABLE_MODULES = YES;
				CLANG_ENABLE_OBJC_ARC = YES;
				CLANG_ENABLE_OBJC_WEAK = YES;
				CLANG_WARN_BLOCK_CAPTURE_AUTORELEASING = YES;
				CLANG_WARN_BOOL_CONVERSION = YES;
				CLANG_WARN_COMMA = YES;
				CLANG_WARN_CONSTANT_CONVERSION = YES;
				CLANG_WARN_DEPRECATED_OBJC_IMPLEMENTATIONS = YES;
				CLANG_WARN_DIRECT_OBJC_ISA_USAGE = YES_ERROR;
				CLANG_WARN_DOCUMENTATION_COMMENTS = YES;
				CLANG_WARN_EMPTY_BODY = YES;
				CLANG_WARN_ENUM_CONVERSION = YES;
				CLANG_WARN_INFINITE_RECURSION = YES;
				CLANG_WARN_INT_CONVERSION = YES;
				CLANG_WARN_NON_LITERAL_NULL_CONVERSION = YES;
				CLANG_WARN_OBJC_IMPLICIT_RETAIN_SELF = YES;
				CLANG_WARN_OBJC_LITERAL_CONVERSION = YES;
				CLANG_WARN_OBJC_ROOT_CLASS = YES_ERROR;
				CLANG_WARN_QUOTED_INCLUDE_IN_FRAMEWORK_HEADER = YES;
				CLANG_WARN_RANGE_LOOP_ANALYSIS = YES;
				CLANG_WARN_STRICT_PROTOTYPES = YES;
				CLANG_WARN_SUSPICIOUS_MOVE = YES;
				CLANG_WARN_UNGUARDED_AVAILABILITY = YES_AGGRESSIVE;
				CLANG_WARN_UNREACHABLE_CODE = YES;
				CLANG_WARN__DUPLICATE_METHOD_MATCH = YES;
				COPY_PHASE_STRIP = NO;
				DEBUG_INFORMATION_FORMAT = dwarf;
				ENABLE_STRICT_OBJC_MSGSEND = YES;
				ENABLE_TESTABILITY = YES;
				ENABLE_USER_SCRIPT_SANDBOXING = YES;
				GCC_C_LANGUAGE_STANDARD = gnu17;
				GCC_DYNAMIC_NO_PIC = NO;
				GCC_NO_COMMON_BLOCKS = YES;
				GCC_OPTIMIZATION_LEVEL = 0;
				GCC_PREPROCESSOR_DEFINITIONS = (
					"DEBUG=1",
					"$(inherited)",
				);
				GCC_WARN_64_TO_32_BIT_CONVERSION = YES;
				GCC_WARN_ABOUT_RETURN_TYPE = YES_ERROR;
				GCC_WARN_UNDECLARED_SELECTOR = YES;
				GCC_WARN_UNINITIALIZED_AUTOS = YES_AGGRESSIVE;
				GCC_WARN_UNUSED_FUNCTION = YES;
				GCC_WARN_UNUSED_VARIABLE = YES;
				LOCALIZATION_PREFERS_STRING_CATALOGS = YES;
				MTL_ENABLE_DEBUG_INFO = INCLUDE_SOURCE;
				MTL_FAST_MATH = YES;
				ONLY_ACTIVE_ARCH = YES;
				SDKROOT = xros;
				SWIFT_ACTIVE_COMPILATION_CONDITIONS = "DEBUG $(inherited)";
				SWIFT_OPTIMIZATION_LEVEL = "-Onone";
				XROS_DEPLOYMENT_TARGET = 1.0;
			};
			name = Debug;
		};
		16C4CE4B2B550684002260A6 /* Release */ = {
			isa = XCBuildConfiguration;
			buildSettings = {
				ALWAYS_SEARCH_USER_PATHS = NO;
				ASSETCATALOG_COMPILER_GENERATE_SWIFT_ASSET_SYMBOL_EXTENSIONS = YES;
				CLANG_ANALYZER_LOCALIZABILITY_NONLOCALIZED = YES;
				CLANG_ANALYZER_NONNULL = YES;
				CLANG_ANALYZER_NUMBER_OBJECT_CONVERSION = YES_AGGRESSIVE;
				CLANG_CXX_LANGUAGE_STANDARD = "gnu++20";
				CLANG_ENABLE_MODULES = YES;
				CLANG_ENABLE_OBJC_ARC = YES;
				CLANG_ENABLE_OBJC_WEAK = YES;
				CLANG_WARN_BLOCK_CAPTURE_AUTORELEASING = YES;
				CLANG_WARN_BOOL_CONVERSION = YES;
				CLANG_WARN_COMMA = YES;
				CLANG_WARN_CONSTANT_CONVERSION = YES;
				CLANG_WARN_DEPRECATED_OBJC_IMPLEMENTATIONS = YES;
				CLANG_WARN_DIRECT_OBJC_ISA_USAGE = YES_ERROR;
				CLANG_WARN_DOCUMENTATION_COMMENTS = YES;
				CLANG_WARN_EMPTY_BODY = YES;
				CLANG_WARN_ENUM_CONVERSION = YES;
				CLANG_WARN_INFINITE_RECURSION = YES;
				CLANG_WARN_INT_CONVERSION = YES;
				CLANG_WARN_NON_LITERAL_NULL_CONVERSION = YES;
				CLANG_WARN_OBJC_IMPLICIT_RETAIN_SELF = YES;
				CLANG_WARN_OBJC_LITERAL_CONVERSION = YES;
				CLANG_WARN_OBJC_ROOT_CLASS = YES_ERROR;
				CLANG_WARN_QUOTED_INCLUDE_IN_FRAMEWORK_HEADER = YES;
				CLANG_WARN_RANGE_LOOP_ANALYSIS = YES;
				CLANG_WARN_STRICT_PROTOTYPES = YES;
				CLANG_WARN_SUSPICIOUS_MOVE = YES;
				CLANG_WARN_UNGUARDED_AVAILABILITY = YES_AGGRESSIVE;
				CLANG_WARN_UNREACHABLE_CODE = YES;
				CLANG_WARN__DUPLICATE_METHOD_MATCH = YES;
				COPY_PHASE_STRIP = NO;
				DEBUG_INFORMATION_FORMAT = "dwarf-with-dsym";
				ENABLE_NS_ASSERTIONS = NO;
				ENABLE_STRICT_OBJC_MSGSEND = YES;
				ENABLE_USER_SCRIPT_SANDBOXING = YES;
				GCC_C_LANGUAGE_STANDARD = gnu17;
				GCC_NO_COMMON_BLOCKS = YES;
				GCC_WARN_64_TO_32_BIT_CONVERSION = YES;
				GCC_WARN_ABOUT_RETURN_TYPE = YES_ERROR;
				GCC_WARN_UNDECLARED_SELECTOR = YES;
				GCC_WARN_UNINITIALIZED_AUTOS = YES_AGGRESSIVE;
				GCC_WARN_UNUSED_FUNCTION = YES;
				GCC_WARN_UNUSED_VARIABLE = YES;
				LOCALIZATION_PREFERS_STRING_CATALOGS = YES;
				MTL_ENABLE_DEBUG_INFO = NO;
				MTL_FAST_MATH = YES;
				SDKROOT = xros;
				SWIFT_COMPILATION_MODE = wholemodule;
				VALIDATE_PRODUCT = YES;
				XROS_DEPLOYMENT_TARGET = 1.0;
			};
			name = Release;
		};
		16C4CE4D2B550684002260A6 /* Debug */ = {
			isa = XCBuildConfiguration;
			buildSettings = {
				ASSETCATALOG_COMPILER_APPICON_NAME = AppIcon;
				ASSETCATALOG_COMPILER_GLOBAL_ACCENT_COLOR_NAME = AccentColor;
				CODE_SIGN_STYLE = Automatic;
				CURRENT_PROJECT_VERSION = 1;
				DEVELOPMENT_ASSET_PATHS = "";
				DEVELOPMENT_TEAM = 6696GEY228;
				ENABLE_PREVIEWS = YES;
				GENERATE_INFOPLIST_FILE = YES;
				INFOPLIST_FILE = "$(TARGET_NAME)/Supporting files/Info.plist";
				INFOPLIST_KEY_LSApplicationCategoryType = "public.app-category.utilities";
				LD_RUNPATH_SEARCH_PATHS = (
					"$(inherited)",
					"@executable_path/Frameworks",
				);
				MARKETING_VERSION = 1.3;
				PRODUCT_BUNDLE_IDENTIFIER = net.aaaakkkkssssttttnnnn.SpatialClock;
				PRODUCT_NAME = "$(TARGET_NAME)";
				SUPPORTED_PLATFORMS = "xros xrsimulator";
				SWIFT_EMIT_LOC_STRINGS = YES;
				SWIFT_VERSION = 5.0;
				TARGETED_DEVICE_FAMILY = "1,2,7";
				XROS_DEPLOYMENT_TARGET = 2.0;
			};
			name = Debug;
		};
		16C4CE4E2B550684002260A6 /* Release */ = {
			isa = XCBuildConfiguration;
			buildSettings = {
				ASSETCATALOG_COMPILER_APPICON_NAME = AppIcon;
				ASSETCATALOG_COMPILER_GLOBAL_ACCENT_COLOR_NAME = AccentColor;
				CODE_SIGN_STYLE = Automatic;
				CURRENT_PROJECT_VERSION = 1;
				DEVELOPMENT_ASSET_PATHS = "";
				DEVELOPMENT_TEAM = 6696GEY228;
				ENABLE_PREVIEWS = YES;
				GENERATE_INFOPLIST_FILE = YES;
				INFOPLIST_FILE = "$(TARGET_NAME)/Supporting files/Info.plist";
				INFOPLIST_KEY_LSApplicationCategoryType = "public.app-category.utilities";
				LD_RUNPATH_SEARCH_PATHS = (
					"$(inherited)",
					"@executable_path/Frameworks",
				);
				MARKETING_VERSION = 1.3;
				PRODUCT_BUNDLE_IDENTIFIER = net.aaaakkkkssssttttnnnn.SpatialClock;
				PRODUCT_NAME = "$(TARGET_NAME)";
				SUPPORTED_PLATFORMS = "xros xrsimulator";
				SWIFT_EMIT_LOC_STRINGS = YES;
				SWIFT_VERSION = 5.0;
				TARGETED_DEVICE_FAMILY = "1,2,7";
				XROS_DEPLOYMENT_TARGET = 2.0;
			};
			name = Release;
		};
/* End XCBuildConfiguration section */

/* Begin XCConfigurationList section */
		16C4CE342B550680002260A6 /* Build configuration list for PBXProject "SpatialClock" */ = {
			isa = XCConfigurationList;
			buildConfigurations = (
				16C4CE4A2B550684002260A6 /* Debug */,
				16C4CE4B2B550684002260A6 /* Release */,
			);
			defaultConfigurationIsVisible = 0;
			defaultConfigurationName = Release;
		};
		16C4CE4C2B550684002260A6 /* Build configuration list for PBXNativeTarget "SpatialClock" */ = {
			isa = XCConfigurationList;
			buildConfigurations = (
				16C4CE4D2B550684002260A6 /* Debug */,
				16C4CE4E2B550684002260A6 /* Release */,
			);
			defaultConfigurationIsVisible = 0;
			defaultConfigurationName = Release;
		};
/* End XCConfigurationList section */
	};
	rootObject = 16C4CE312B550680002260A6 /* Project object */;
}
